{
  "nodes": {
    "disko": {
      "inputs": {
        "nixpkgs": [
          "nixpkgs"
        ]
      },
      "locked": {
        "lastModified": 1696266752,
        "narHash": "sha256-wJnMDFM21+xXdsXSs6pXMElbv4YfqmQslcPApRuaYKs=",
        "owner": "nix-community",
        "repo": "disko",
        "rev": "646ee25c25fffee122a66282861f5f56ad3e0fd9",
        "type": "github"
      },
      "original": {
        "owner": "nix-community",
        "repo": "disko",
        "type": "github"
      }
    },
    "nixpkgs": {
      "locked": {
        "lastModified": 1696419054,
        "narHash": "sha256-EdR+dIKCfqL3voZUDYwcvgRDOektQB9KbhBVcE0/3Mo=",
        "owner": "NixOS",
        "repo": "nixpkgs",
        "rev": "7131f3c223a2d799568e4b278380cd9dac2b8579",
        "type": "github"
      },
      "original": {
        "owner": "NixOS",
        "ref": "nixpkgs-unstable",
        "repo": "nixpkgs",
        "type": "github"
      }
    },
    "root": {
      "inputs": {
        "disko": "disko",
        "nixpkgs": "nixpkgs"
      }
    }
  },
  "root": "root",
  "version": 7
}
